{
    "_readme": [
        "This file locks the dependencies of your project to a known state",
        "Read more about it at https://getcomposer.org/doc/01-basic-usage.md#installing-dependencies",
        "This file is @generated automatically"
    ],
    "content-hash": "b50fce41e479ed7a260618b97f90b1cd",
    "packages": [
        {
            "name": "joomla/string",
            "version": "1.4.6",
            "source": {
                "type": "git",
                "url": "https://github.com/joomla-framework/string.git",
                "reference": "728ba9e39a8f1bd15b75ab878f57fa505184b8ab"
            },
            "dist": {
                "type": "zip",
                "url": "https://api.github.com/repos/joomla-framework/string/zipball/728ba9e39a8f1bd15b75ab878f57fa505184b8ab",
                "reference": "728ba9e39a8f1bd15b75ab878f57fa505184b8ab",
                "shasum": ""
            },
            "require": {
                "php": "^5.3.10|^7.0|^8.0"
            },
            "require-dev": {
                "joomla/coding-standards": "^2.0@alpha",
                "joomla/test": "^1.0",
                "phpunit/phpunit": "^4.8.35|^5.4.3|^6.0|^7.0|^8.0"
            },
            "suggest": {
                "ext-mbstring": "For improved processing"
            },
            "type": "joomla-package",
            "extra": {
                "branch-alias": {
                    "dev-master": "1.x-dev"
                }
            },
            "autoload": {
                "files": [
                    "src/phputf8/utf8.php",
                    "src/phputf8/ord.php",
                    "src/phputf8/str_ireplace.php",
                    "src/phputf8/str_pad.php",
                    "src/phputf8/str_split.php",
                    "src/phputf8/strcasecmp.php",
                    "src/phputf8/strcspn.php",
                    "src/phputf8/stristr.php",
                    "src/phputf8/strrev.php",
                    "src/phputf8/strspn.php",
                    "src/phputf8/trim.php",
                    "src/phputf8/ucfirst.php",
                    "src/phputf8/ucwords.php",
                    "src/phputf8/utils/ascii.php",
                    "src/phputf8/utils/validation.php"
                ],
                "psr-4": {
                    "Joomla\\String\\": "src/"
                }
            },
            "notification-url": "https://packagist.org/downloads/",
            "license": [
                "GPL-2.0-or-later"
            ],
            "description": "Joomla String Package",
            "homepage": "https://github.com/joomla-framework/string",
            "keywords": [
                "framework",
                "joomla",
                "string"
            ],
            "support": {
                "issues": "https://github.com/joomla-framework/string/issues",
                "source": "https://github.com/joomla-framework/string/tree/1.4.6"
            },
            "funding": [
                {
                    "url": "https://community.joomla.org/sponsorship-campaigns.html",
                    "type": "custom"
                },
                {
                    "url": "https://github.com/joomla",
                    "type": "github"
                }
            ],
            "time": "2022-01-25T15:16:52+00:00"
        },
        {
            "name": "joomla/utilities",
            "version": "2.0.0",
            "source": {
                "type": "git",
                "url": "https://github.com/joomla-framework/utilities.git",
                "reference": "f5d4fcf778abbbf1c099814297c87ef177e8b268"
            },
            "dist": {
                "type": "zip",
                "url": "https://api.github.com/repos/joomla-framework/utilities/zipball/f5d4fcf778abbbf1c099814297c87ef177e8b268",
                "reference": "f5d4fcf778abbbf1c099814297c87ef177e8b268",
                "shasum": ""
            },
            "require": {
                "joomla/string": "^1.3|^2.0",
                "php": "^7.2.5|^8.0"
            },
            "require-dev": {
                "joomla/coding-standards": "^2.0@alpha",
                "phpunit/phpunit": "^8.5|^9.0"
            },
            "type": "joomla-package",
            "extra": {
                "branch-alias": {
                    "dev-2.0-dev": "2.0-dev"
                }
            },
            "autoload": {
                "psr-4": {
                    "Joomla\\Utilities\\": "src/"
                }
            },
            "notification-url": "https://packagist.org/downloads/",
            "license": [
                "GPL-2.0-or-later"
            ],
            "description": "Joomla Utilities Package",
            "homepage": "https://github.com/joomla-framework/utilities",
            "keywords": [
                "framework",
                "joomla",
                "utilities"
            ],
            "support": {
                "issues": "https://github.com/joomla-framework/utilities/issues",
                "source": "https://github.com/joomla-framework/utilities/tree/2.0.0"
            },
            "funding": [
                {
                    "url": "https://community.joomla.org/sponsorship-campaigns.html",
                    "type": "custom"
                },
                {
                    "url": "https://github.com/joomla",
                    "type": "github"
                }
            ],
            "time": "2021-08-16T20:13:00+00:00"
        },
        {
            "name": "msgframework/language",
            "version": "v1.0.0",
            "source": {
                "type": "git",
                "url": "https://github.com/msgframework/Language.git",
                "reference": "dcf776af7372edf3e7751bee7f73989cb3e7b6db"
            },
            "dist": {
                "type": "zip",
                "url": "https://api.github.com/repos/msgframework/Language/zipball/dcf776af7372edf3e7751bee7f73989cb3e7b6db",
                "reference": "dcf776af7372edf3e7751bee7f73989cb3e7b6db",
                "shasum": ""
            },
            "require": {
                "ext-json": "*",
                "joomla/string": "^1.4",
                "joomla/utilities": "^2.0",
                "php": ">=7.4"
            },
            "type": "library",
            "notification-url": "https://packagist.org/downloads/",
            "license": [
                "MIT"
            ],
            "authors": [
                {
                    "name": "MSGroupFM",
                    "email": "admin@msgru.com"
                }
            ],
            "description": "description",
            "support": {
                "issues": "https://github.com/msgframework/Language/issues",
                "source": "https://github.com/msgframework/Language/tree/v1.0.0"
            },
            "time": "2022-03-24T22:31:36+00:00"
        }
    ],
    "packages-dev": [],
    "aliases": [],
    "minimum-stability": "stable",
    "stability-flags": [],
    "prefer-stable": false,
    "prefer-lowest": false,
    "platform": {
        "php": ">=7.4"
    },
    "platform-dev": [],
    "plugin-api-version": "2.2.0"
}
